// !$*UTF8*$!
{
	archiveVersion = 1;
	classes = {
	};
	objectVersion = 46;
	objects = {

/* Begin PBXBuildFile section */
		4ADE5AD01BFFABCC00363CDD /* AppDelegate.swift in Sources */ = {isa = PBXBuildFile; fileRef = 4ADE5ACF1BFFABCC00363CDD /* AppDelegate.swift */; };
		4ADE5AD21BFFABCC00363CDD /* ViewController.swift in Sources */ = {isa = PBXBuildFile; fileRef = 4ADE5AD11BFFABCC00363CDD /* ViewController.swift */; };
		4ADE5AD51BFFABCC00363CDD /* Main.storyboard in Resources */ = {isa = PBXBuildFile; fileRef = 4ADE5AD31BFFABCC00363CDD /* Main.storyboard */; };
		4ADE5AD71BFFABCC00363CDD /* Assets.xcassets in Resources */ = {isa = PBXBuildFile; fileRef = 4ADE5AD61BFFABCC00363CDD /* Assets.xcassets */; };
		4ADE5ADA1BFFABCC00363CDD /* LaunchScreen.storyboard in Resources */ = {isa = PBXBuildFile; fileRef = 4ADE5AD81BFFABCC00363CDD /* LaunchScreen.storyboard */; };
/* End PBXBuildFile section */

/* Begin PBXFileReference section */
		4ADE5ACC1BFFABCC00363CDD /* NubeIOS.app */ = {isa = PBXFileReference; explicitFileType = wrapper.application; includeInIndex = 0; path = NubeIOS.app; sourceTree = BUILT_PRODUCTS_DIR; };
		4ADE5ACF1BFFABCC00363CDD /* AppDelegate.swift */ = {isa = PBXFileReference; lastKnownFileType = sourcecode.swift; path = AppDelegate.swift; sourceTree = "<group>"; };
		4ADE5AD11BFFABCC00363CDD /* ViewController.swift */ = {isa = PBXFileReference; lastKnownFileType = sourcecode.swift; path = ViewController.swift; sourceTree = "<group>"; };
		4ADE5AD41BFFABCC00363CDD /* Base */ = {isa = PBXFileReference; lastKnownFileType = file.storyboard; name = Base; path = Base.lproj/Main.storyboard; sourceTree = "<group>"; };
		4ADE5AD61BFFABCC00363CDD /* Assets.xcassets */ = {isa = PBXFileReference; lastKnownFileType = folder.assetcatalog; path = Assets.xcassets; sourceTree = "<group>"; };
		4ADE5AD91BFFABCC00363CDD /* Base */ = {isa = PBXFileReference; lastKnownFileType = file.storyboard; name = Base; path = Base.lproj/LaunchScreen.storyboard; sourceTree = "<group>"; };
		4ADE5ADB1BFFABCC00363CDD /* Info.plist */ = {isa = PBXFileReference; lastKnownFileType = text.plist.xml; path = Info.plist; sourceTree = "<group>"; };
/* End PBXFileReference section */

/* Begin PBXFrameworksBuildPhase section */
		4ADE5AC91BFFABCC00363CDD /* Frameworks */ = {
			isa = PBXFrameworksBuildPhase;
			buildActionMask = 2147483647;
			files = (
			);
			runOnlyForDeploymentPostprocessing = 0;
		};
/* End PBXFrameworksBuildPhase section */

/* Begin PBXGroup section */
		4ADE5AC31BFFABCC00363CDD = {
			isa = PBXGroup;
			children = (
				4ADE5ACE1BFFABCC00363CDD /* NubeIOS */,
				4ADE5ACD1BFFABCC00363CDD /* Products */,
			);
			sourceTree = "<group>";
		};
		4ADE5ACD1BFFABCC00363CDD /* Products */ = {
			isa = PBXGroup;
			children = (
				4ADE5ACC1BFFABCC00363CDD /* NubeIOS.app */,
			);
			name = Products;
			sourceTree = "<group>";
		};
		4ADE5ACE1BFFABCC00363CDD /* NubeIOS */ = {
			isa = PBXGroup;
			children = (
				4ADE5ACF1BFFABCC00363CDD /* AppDelegate.swift */,
				4ADE5AD11BFFABCC00363CDD /* ViewController.swift */,
				4ADE5AD31BFFABCC00363CDD /* Main.storyboard */,
				4ADE5AD61BFFABCC00363CDD /* Assets.xcassets */,
				4ADE5AD81BFFABCC00363CDD /* LaunchScreen.storyboard */,
				4ADE5ADB1BFFABCC00363CDD /* Info.plist */,
			);
			path = NubeIOS;
			sourceTree = "<group>";
		};
/* End PBXGroup section */

/* Begin PBXNativeTarget section */
		4ADE5ACB1BFFABCC00363CDD /* NubeIOS */ = {
			isa = PBXNativeTarget;
			buildConfigurationList = 4ADE5ADE1BFFABCC00363CDD /* Build configuration list for PBXNativeTarget "NubeIOS" */;
			buildPhases = (
				4ADE5AC81BFFABCC00363CDD /* Sources */,
				4ADE5AC91BFFABCC00363CDD /* Frameworks */,
				4ADE5ACA1BFFABCC00363CDD /* Resources */,
			);
			buildRules = (
			);
			dependencies = (
			);
			name = NubeIOS;
			productName = NubeIOS;
			productReference = 4ADE5ACC1BFFABCC00363CDD /* NubeIOS.app */;
			productType = "com.apple.product-type.application";
		};
/* End PBXNativeTarget section */

/* Begin PBXProject section */
		4ADE5AC41BFFABCC00363CDD /* Project object */ = {
			isa = PBXProject;
			attributes = {
				LastUpgradeCheck = 0700;
				ORGANIZATIONNAME = Naiker;
				TargetAttributes = {
					4ADE5ACB1BFFABCC00363CDD = {
						CreatedOnToolsVersion = 7.0.1;
						DevelopmentTeam = 2NF3P95H3C;
					};
				};
			};
			buildConfigurationList = 4ADE5AC71BFFABCC00363CDD /* Build configuration list for PBXProject "NubeIOS" */;
			compatibilityVersion = "Xcode 3.2";
			developmentRegion = English;
			hasScannedForEncodings = 0;
			knownRegions = (
				en,
				Base,
			);
			mainGroup = 4ADE5AC31BFFABCC00363CDD;
			productRefGroup = 4ADE5ACD1BFFABCC00363CDD /* Products */;
			projectDirPath = "";
			projectRoot = "";
			targets = (
				4ADE5ACB1BFFABCC00363CDD /* NubeIOS */,
			);
		};
/* End PBXProject section */

/* Begin PBXResourcesBuildPhase section */
		4ADE5ACA1BFFABCC00363CDD /* Resources */ = {
			isa = PBXResourcesBuildPhase;
			buildActionMask = 2147483647;
			files = (
				4ADE5ADA1BFFABCC00363CDD /* LaunchScreen.storyboard in Resources */,
				4ADE5AD71BFFABCC00363CDD /* Assets.xcassets in Resources */,
				4ADE5AD51BFFABCC00363CDD /* Main.storyboard in Resources */,
			);
			runOnlyForDeploymentPostprocessing = 0;
		};
/* End PBXResourcesBuildPhase section */

/* Begin PBXSourcesBuildPhase section */
		4ADE5AC81BFFABCC00363CDD /* Sources */ = {
			isa = PBXSourcesBuildPhase;
			buildActionMask = 2147483647;
			files = (
				4ADE5AD21BFFABCC00363CDD /* ViewController.swift in Sources */,
				4ADE5AD01BFFABCC00363CDD /* AppDelegate.swift in Sources */,
			);
			runOnlyForDeploymentPostprocessing = 0;
		};
/* End PBXSourcesBuildPhase section */

/* Begin PBXVariantGroup section */
		4ADE5AD31BFFABCC00363CDD /* Main.storyboard */ = {
			isa = PBXVariantGroup;
			children = (
				4ADE5AD41BFFABCC00363CDD /* Base */,
			);
			name = Main.storyboard;
			sourceTree = "<group>";
		};
		4ADE5AD81BFFABCC00363CDD /* LaunchScreen.storyboard */ = {
			isa = PBXVariantGroup;
			children = (
				4ADE5AD91BFFABCC00363CDD /* Base */,
			);
			name = LaunchScreen.storyboard;
			sourceTree = "<group>";
		};
/* End PBXVariantGroup section */

/* Begin XCBuildConfiguration section */
		4ADE5ADC1BFFABCC00363CDD /* Debug */ = {
			isa = XCBuildConfiguration;
			buildSettings = {
				ALWAYS_SEARCH_USER_PATHS = NO;
				CLANG_CXX_LANGUAGE_STANDARD = "gnu++0x";
				CLANG_CXX_LIBRARY = "libc++";
				CLANG_ENABLE_MODULES = YES;
				CLANG_ENABLE_OBJC_ARC = YES;
				CLANG_WARN_BOOL_CONVERSION = YES;
				CLANG_WARN_CONSTANT_CONVERSION = YES;
				CLANG_WARN_DIRECT_OBJC_ISA_USAGE = YES_ERROR;
				CLANG_WARN_EMPTY_BODY = YES;
				CLANG_WARN_ENUM_CONVERSION = YES;
				CLANG_WARN_INT_CONVERSION = YES;
				CLANG_WARN_OBJC_ROOT_CLASS = YES_ERROR;
				CLANG_WARN_UNREACHABLE_CODE = YES;
				CLANG_WARN__DUPLICATE_METHOD_MATCH = YES;
				"CODE_SIGN_IDENTITY[sdk=iphoneos*]" = "iPhone Developer";
				COPY_PHASE_STRIP = NO;
				DEBUG_INFORMATION_FORMAT = dwarf;
				ENABLE_STRICT_OBJC_MSGSEND = YES;
				ENABLE_TESTABILITY = YES;
				GCC_C_LANGUAGE_STANDARD = gnu99;
				GCC_DYNAMIC_NO_PIC = NO;
				GCC_NO_COMMON_BLOCKS = YES;
				GCC_OPTIMIZATION_LEVEL = 0;
				GCC_PREPROCESSOR_DEFINITIONS = (
					"DEBUG=1",
					"$(inherited)",
				);
				GCC_WARN_64_TO_32_BIT_CONVERSION = YES;
				GCC_WARN_ABOUT_RETURN_TYPE = YES_ERROR;
				GCC_WARN_UNDECLARED_SELECTOR = YES;
				GCC_WARN_UNINITIALIZED_AUTOS = YES_AGGRESSIVE;
				GCC_WARN_UNUSED_FUNCTION = YES;
				GCC_WARN_UNUSED_VARIABLE = YES;
				IPHONEOS_DEPLOYMENT_TARGET = 9.0;
				MTL_ENABLE_DEBUG_INFO = YES;
				ONLY_ACTIVE_ARCH = YES;
				SDKROOT = iphoneos;
				SWIFT_OPTIMIZATION_LEVEL = "-Onone";
			};
			name = Debug;
		};
		4ADE5ADD1BFFABCC00363CDD /* Release */ = {
			isa = XCBuildConfiguration;
			buildSettings = {
				ALWAYS_SEARCH_USER_PATHS = NO;
				CLANG_CXX_LANGUAGE_STANDARD = "gnu++0x";
				CLANG_CXX_LIBRARY = "libc++";
				CLANG_ENABLE_MODULES = YES;
				CLANG_ENABLE_OBJC_ARC = YES;
				CLANG_WARN_BOOL_CONVERSION = YES;
				CLANG_WARN_CONSTANT_CONVERSION = YES;
				CLANG_WARN_DIRECT_OBJC_ISA_USAGE = YES_ERROR;
				CLANG_WARN_EMPTY_BODY = YES;
				CLANG_WARN_ENUM_CONVERSION = YES;
				CLANG_WARN_INT_CONVERSION = YES;
				CLANG_WARN_OBJC_ROOT_CLASS = YES_ERROR;
				CLANG_WARN_UNREACHABLE_CODE = YES;
				CLANG_WARN__DUPLICATE_METHOD_MATCH = YES;
				"CODE_SIGN_IDENTITY[sdk=iphoneos*]" = "iPhone Developer";
				COPY_PHASE_STRIP = NO;
				DEBUG_INFORMATION_FORMAT = "dwarf-with-dsym";
				ENABLE_NS_ASSERTIONS = NO;
				ENABLE_STRICT_OBJC_MSGSEND = YES;
				GCC_C_LANGUAGE_STANDARD = gnu99;
				GCC_NO_COMMON_BLOCKS = YES;
				GCC_WARN_64_TO_32_BIT_CONVERSION = YES;
				GCC_WARN_ABOUT_RETURN_TYPE = YES_ERROR;
				GCC_WARN_UNDECLARED_SELECTOR = YES;
				GCC_WARN_UNINITIALIZED_AUTOS = YES_AGGRESSIVE;
				GCC_WARN_UNUSED_FUNCTION = YES;
				GCC_WARN_UNUSED_VARIABLE = YES;
				IPHONEOS_DEPLOYMENT_TARGET = 9.0;
				MTL_ENABLE_DEBUG_INFO = NO;
				SDKROOT = iphoneos;
				VALIDATE_PRODUCT = YES;
			};
			name = Release;
		};
		4ADE5ADF1BFFABCC00363CDD /* Debug */ = {
			isa = XCBuildConfiguration;
			buildSettings = {
				ASSETCATALOG_COMPILER_APPICON_NAME = AppIcon;
				INFOPLIST_FILE = NubeIOS/Info.plist;
				LD_RUNPATH_SEARCH_PATHS = "$(inherited) @executable_path/Frameworks";
				PRODUCT_BUNDLE_IDENTIFIER = Naiker.NubeIOS;
				PRODUCT_NAME = "$(TARGET_NAME)";
			};
			name = Debug;
		};
		4ADE5AE01BFFABCC00363CDD /* Release */ = {
			isa = XCBuildConfiguration;
			buildSettings = {
				ASSETCATALOG_COMPILER_APPICON_NAME = AppIcon;
				INFOPLIST_FILE = NubeIOS/Info.plist;
				LD_RUNPATH_SEARCH_PATHS = "$(inherited) @executable_path/Frameworks";
				PRODUCT_BUNDLE_IDENTIFIER = Naiker.NubeIOS;
				PRODUCT_NAME = "$(TARGET_NAME)";
			};
			name = Release;
		};
/* End XCBuildConfiguration section */

/* Begin XCConfigurationList section */
		4ADE5AC71BFFABCC00363CDD /* Build configuration list for PBXProject "NubeIOS" */ = {
			isa = XCConfigurationList;
			buildConfigurations = (
				4ADE5ADC1BFFABCC00363CDD /* Debug */,
				4ADE5ADD1BFFABCC00363CDD /* Release */,
			);
			defaultConfigurationIsVisible = 0;
			defaultConfigurationName = Release;
		};
		4ADE5ADE1BFFABCC00363CDD /* Build configuration list for PBXNativeTarget "NubeIOS" */ = {
			isa = XCConfigurationList;
			buildConfigurations = (
				4ADE5ADF1BFFABCC00363CDD /* Debug */,
				4ADE5AE01BFFABCC00363CDD /* Release */,
			);
			defaultConfigurationIsVisible = 0;
		};
/* End XCConfigurationList section */
	};
	rootObject = 4ADE5AC41BFFABCC00363CDD /* Project object */;
}
